
Microsoft Visual Studio Solution File, Format Version 12.00
# Visual Studio Version 17
VisualStudioVersion = 17.0.31410.414
MinimumVisualStudioVersion = 10.0.40219.1
Project("{FAE04EC0-301F-11D3-BF4B-00C04F79EFBC}") = "ApiDioMongoDB", "ApiDioMongoDB\ApiDioMongoDB.csproj", "{195C992F-0436-4E00-821C-126F0107D03A}"
EndProject
Global
	GlobalSection(SolutionConfigurationPlatforms) = preSolution
		Debug|Any CPU = Debug|Any CPU
		Release|Any CPU = Release|Any CPU
	EndGlobalSection
	GlobalSection(ProjectConfigurationPlatforms) = postSolution
		{195C992F-0436-4E00-821C-126F0107D03A}.Debug|Any CPU.ActiveCfg = Debug|Any CPU
		{195C992F-0436-4E00-821C-126F0107D03A}.Debug|Any CPU.Build.0 = Debug|Any CPU
		{195C992F-0436-4E00-821C-126F0107D03A}.Release|Any CPU.ActiveCfg = Release|Any CPU
		{195C992F-0436-4E00-821C-126F0107D03A}.Release|Any CPU.Build.0 = Release|Any CPU
	EndGlobalSection
	GlobalSection(SolutionProperties) = preSolution
		HideSolutionNode = FALSE
	EndGlobalSection
	GlobalSection(ExtensibilityGlobals) = postSolution
		SolutionGuid = {3430F26C-3C48-44BB-85D8-8F2B53358D79}
	EndGlobalSection
EndGlobal
